{
  "object": {
    "pins": [
      {
        "package": "ConsoleIO",
        "repositoryURL": "https://github.com/wendyliga/ConsoleIO.git",
        "state": {
          "branch": null,
          "revision": "3933eb8c8f4ce00d07c2a80896b6463bdf1d31d1",
          "version": "1.0.3"
        }
      },
      {
        "package": "Explorer",
        "repositoryURL": "https://github.com/wendyliga/Explorer.git",
        "state": {
          "branch": null,
          "revision": "a20c41d2001e9891ce7189b927386b11780d044b",
          "version": "0.0.5"
        }
      },
      {
        "package": "swift-argument-parser",
        "repositoryURL": "https://github.com/apple/swift-argument-parser",
        "state": {
          "branch": null,
          "revision": "9f04d1ff1afbccd02279338a2c91e5f27c45e93a",
          "version": "0.0.5"
        }
      },
      {
        "package": "swift-log",
        "repositoryURL": "https://github.com/apple/swift-log.git",
        "state": {
          "branch": null,
          "revision": "74d7b91ceebc85daf387ebb206003f78813f71aa",
          "version": "1.2.0"
        }
      },
      {
        "package": "SwiftKit",
        "repositoryURL": "https://github.com/wendyliga/SwiftKit.git",
        "state": {
          "branch": null,
          "revision": "391846c051f6c0b83ba729baebb89d3ff92750d4",
          "version": "2.0.1"
        }
      }
    ]
  },
  "version": 1
}
