{
  "object": {
    "pins": [
      {
        "package": "ConsoleIO",
        "repositoryURL": "https://github.com/wendyliga/ConsoleIO.git",
        "state": {
          "branch": "improve_input",
          "revision": "5849429bb2a5cb809d35a1f9e620ff1261b66501",
          "version": null
        }
      },
      {
        "package": "Explorer",
        "repositoryURL": "https://github.com/wendyliga/Explorer.git",
        "state": {
          "branch": null,
          "revision": "eee4f6224853f236490a8349b70553fd59876551",
          "version": "0.0.3"
        }
      },
      {
        "package": "swift-argument-parser",
        "repositoryURL": "https://github.com/apple/swift-argument-parser",
        "state": {
          "branch": null,
          "revision": "8d31a0905c346a45c87773ad50862b5b3df8dff6",
          "version": "0.0.4"
        }
      },
      {
        "package": "SwiftKit",
        "repositoryURL": "https://github.com/wendyliga/SwiftKit.git",
        "state": {
          "branch": null,
          "revision": "391846c051f6c0b83ba729baebb89d3ff92750d4",
          "version": "2.0.1"
        }
      }
    ]
  },
  "version": 1
}
